
Microsoft Visual Studio Solution File, Format Version 12.00
# Visual Studio Version 16
VisualStudioVersion = 16.0.810.9
MinimumVisualStudioVersion = 10.0.40219.1
Project("{FAE04EC0-301F-11D3-BF4B-00C04F79EFBC}") = "BlazorTTT", "BlazorTTT\BlazorTTT.csproj", "{A62405D0-4F83-43DE-9570-10CBD1F67331}"
EndProject
Global
	GlobalSection(SolutionConfigurationPlatforms) = preSolution
		Debug|Any CPU = Debug|Any CPU
		Release|Any CPU = Release|Any CPU
	EndGlobalSection
	GlobalSection(ProjectConfigurationPlatforms) = postSolution
		{A62405D0-4F83-43DE-9570-10CBD1F67331}.Debug|Any CPU.ActiveCfg = Debug|Any CPU
		{A62405D0-4F83-43DE-9570-10CBD1F67331}.Debug|Any CPU.Build.0 = Debug|Any CPU
		{A62405D0-4F83-43DE-9570-10CBD1F67331}.Release|Any CPU.ActiveCfg = Release|Any CPU
		{A62405D0-4F83-43DE-9570-10CBD1F67331}.Release|Any CPU.Build.0 = Release|Any CPU
	EndGlobalSection
	GlobalSection(SolutionProperties) = preSolution
		HideSolutionNode = FALSE
	EndGlobalSection
	GlobalSection(ExtensibilityGlobals) = postSolution
		SolutionGuid = {EDA9C800-10EF-4010-8150-320A7B011C2C}
	EndGlobalSection
EndGlobal
